<?xml version="1.0" encoding="UTF-8" standalone="yes" ?>
<CodeBlocks_project_file>
	<FileVersion major="1" minor="6" />
	<Project>
		<Option title="libespeak" />
		<Option pch_mode="0" />
		<Option compiler="gcc" />
		<Build>
			<Target title="default">
				<Option output="./libespeak.a" prefix_auto="0" extension_auto="0" />
				<Option working_dir="" />
				<Option type="2" />
				<Option compiler="gcc" />
				<Option projectResourceIncludeDirsRelation="1" />
			</Target>
			<Target title="emscripten">
				<Option output="./libespeak.a" prefix_auto="0" extension_auto="0" />
				<Option working_dir="" />
				<Option type="2" />
				<Option compiler="emscripten" />
				<Option projectLinkerOptionsRelation="1" />
				<Option projectResourceIncludeDirsRelation="1" />
				<Linker>
					<Add option="-s ALLOW_MEMORY_GROWTH=1" />
					<Add option="--preload-file usr/" />
					<Add option="-s FULL_ES2=1" />
					<Add option="-s DISABLE_EXCEPTION_CATCHING=0" />
					<Add option="-s NO_EXIT_RUNTIME=1" />
					<Add library="espeak" />
					<Add directory="./" />
				</Linker>
			</Target>
		</Build>
		<VirtualTargets>
			<Add alias="All" targets="default;" />
		</VirtualTargets>
		<Compiler>
			<Add directory="../../../../../../../Dev/libs/game/irrlicht/Irrlicht-SVN/include" />
			<Add directory="src" />
		</Compiler>
		<Linker>
			<Add library="GL" />
			<Add library="ogg" />
			<Add library="vorbis" />
			<Add library="vorbisfile" />
			<Add library="theora" />
			<Add library="SDL" />
			<Add library="X11" />
			<Add library="Xxf86vm" />
			<Add directory="../../../../../../../Dev/libs/game/irrlicht/Irrlicht-SVN/lib/Linux" />
			<Add directory="../../../../../EMLibs/media/libtheoraplayer/src/.libs" />
		</Linker>
		<Unit filename="debug.cpp" />
		<Unit filename="debug.h" />
		<Unit filename="dictionary.cpp" />
		<Unit filename="espeak_command.cpp" />
		<Unit filename="event.cpp" />
		<Unit filename="event.h" />
		<Unit filename="fifo.cpp" />
		<Unit filename="fifo.h" />
		<Unit filename="intonation.cpp" />
		<Unit filename="klatt.cpp" />
		<Unit filename="klatt.h" />
		<Unit filename="mbrowrap.cpp" />
		<Unit filename="mbrowrap.h" />
		<Unit filename="numbers.cpp" />
		<Unit filename="phonemelist.cpp" />
		<Unit filename="readclause.cpp" />
		<Unit filename="setlengths.cpp" />
		<Unit filename="sonic.cpp" />
		<Unit filename="speak_lib.cpp" />
		<Unit filename="speak_lib.h" />
		<Unit filename="strtok.cpp" />
		<Unit filename="synth_mbrola.cpp" />
		<Unit filename="tr_languages.cpp" />
		<Unit filename="voice.h" />
		<Unit filename="voices.cpp" />
		<Unit filename="wave.cpp" />
		<Unit filename="wave.h" />
		<Unit filename="wavegen.cpp" />
		<Extensions>
			<code_completion />
			<debugger />
		</Extensions>
	</Project>
</CodeBlocks_project_file>
