<?xml version="1.0" encoding="UTF-8" standalone="yes" ?>
<CodeBlocks_project_file>
	<FileVersion major="1" minor="6" />
	<Project>
		<Option title="TheoraPlayer" />
		<Option pch_mode="0" />
		<Option compiler="gcc" />
		<Build>
			<Target title="default">
				<Option output="./Pong" prefix_auto="0" extension_auto="0" />
				<Option type="1" />
				<Option compiler="gcc" />
				<Option projectResourceIncludeDirsRelation="1" />
			</Target>
			<Target title="emscripten">
				<Option output="./test.html" prefix_auto="0" extension_auto="0" />
				<Option type="1" />
				<Option compiler="emscripten" />
				<Option projectLinkerOptionsRelation="1" />
				<Option projectResourceIncludeDirsRelation="1" />
				<Compiler>
					<Add directory="/home/Dev/libs/Scripting/emsdk/emscripten-projects/irrlicht-ogl-es/irrlicht/include" />
					<Add directory="src" />
					<Add directory="../../libs/theora/include" />
					<Add directory="../../libs/libtheoraplayer/include" />
					<Add directory="/usr/include/AL" />
					<Add directory="../../libs/Ogg/include" />
				</Compiler>
				<Linker>
					<Add option="-s ALLOW_MEMORY_GROWTH=1" />
					<Add option="--preload-file media/" />
					<Add option="-s FULL_ES2=1" />
					<Add option="-s DISABLE_EXCEPTION_CATCHING=0" />
					<Add option="-s NO_EXIT_RUNTIME=1" />
					<Add library="Irrlicht" />
					<Add library="GLESv2" />
					<Add library="GL" />
					<Add library="ogg" />
					<Add library="vorbis" />
					<Add library="vorbisfile" />
					<Add library="theora" />
					<Add library="theoraplayer" />
					<Add library="SDL" />
					<Add library="openal" />
					<Add library="common" />
					<Add library="ex-common" />
					<Add directory="/home/Dev/libs/Scripting/emsdk/emscripten-projects/irrlicht-ogl-es/irrlicht/lib/Linux" />
					<Add directory="../../libs/libtheoraplayer" />
					<Add directory="../../libs/theora/" />
					<Add directory="../../libs/Ogg" />
					<Add directory="../../libs/Vorbis" />
				</Linker>
			</Target>
			<Target title="Copy of emscripten">
				<Option output="./test.html" prefix_auto="0" extension_auto="0" />
				<Option type="1" />
				<Option compiler="emscripten" />
				<Option projectLinkerOptionsRelation="1" />
				<Option projectIncludeDirsRelation="1" />
				<Option projectResourceIncludeDirsRelation="1" />
				<Option projectLibDirsRelation="1" />
				<Compiler>
					<Add directory="/home/Dev/libs/Scripting/emsdk/emscripten-projects/irrlicht-ogl-es/irrlicht/include" />
					<Add directory="src" />
					<Add directory="../../../../../../run/media/netpipe/df7f53ef-2a98-4562-a498-7da578dab660/games/Luna/EMLibs/media/theora/include" />
					<Add directory="../../../../../../run/media/netpipe/df7f53ef-2a98-4562-a498-7da578dab660/games/Luna/EMLibs/media/libtheoraplayer/include" />
					<Add directory="../../../../../../run/media/netpipe/df7f53ef-2a98-4562-a498-7da578dab660/games/Luna/EMLibs/media/openal-soft/include" />
					<Add directory="../../../../../../run/media/netpipe/df7f53ef-2a98-4562-a498-7da578dab660/games/Luna/EMLibs/media/Ogg/include" />
					<Add directory="/run/media/netpipe/df7f53ef-2a98-4562-a498-7da578dab660/games/Luna/EMLibs/media/Vorbis/include" />
				</Compiler>
				<Linker>
					<Add option="-s ALLOW_MEMORY_GROWTH=1" />
					<Add option="--preload-file media/" />
					<Add option="-s FULL_ES2=1" />
					<Add option="-s DISABLE_EXCEPTION_CATCHING=0" />
					<Add option="-s NO_EXIT_RUNTIME=1" />
					<Add option="-s USE_SDL=2" />
					<Add library="Irrlicht" />
					<Add library="GLESv2" />
					<Add library="GL" />
					<Add library="ogg" />
					<Add library="vorbis" />
					<Add library="vorbisfile" />
					<Add library="theora" />
					<Add library="SDL2" />
					<Add library="openal" />
					<Add directory="/home/Dev/libs/Scripting/emsdk/emscripten-projects/irrlicht-ogl-es/irrlicht/lib/Linux" />
					<Add directory="/run/media/netpipe/df7f53ef-2a98-4562-a498-7da578dab660/games/Luna/EMLibs/media/libtheoraplayer" />
					<Add directory="/run/media/netpipe/df7f53ef-2a98-4562-a498-7da578dab660/games/Luna/EMLibs/media/theora/" />
					<Add directory="/run/media/netpipe/df7f53ef-2a98-4562-a498-7da578dab660/games/Luna/EMLibs/media/Ogg" />
					<Add directory="/run/media/netpipe/df7f53ef-2a98-4562-a498-7da578dab660/games/Luna/EMLibs/media/Vorbis" />
				</Linker>
			</Target>
		</Build>
		<VirtualTargets>
			<Add alias="All" targets="default;" />
		</VirtualTargets>
		<Compiler>
			<Add directory="../../../../../../../Dev/libs/game/irrlicht/Irrlicht-SVN/include" />
			<Add directory="src" />
		</Compiler>
		<Linker>
			<Add library="Irrlicht" />
			<Add library="GL" />
			<Add library="ogg" />
			<Add library="theora" />
			<Add library="SDL" />
			<Add library="X11" />
			<Add library="Xxf86vm" />
			<Add directory="../../../../../../../Dev/libs/game/irrlicht/Irrlicht-SVN/lib/Linux" />
			<Add directory="../../../../../EMLibs/media/libtheoraplayer/src/.libs" />
		</Linker>
		<Unit filename="main.cpp" />
		<Unit filename="theoraplay.c">
			<Option compilerVar="CC" />
		</Unit>
		<Unit filename="theoraplay.h" />
		<Unit filename="theoraplay_cvtrgb.h" />
		<Extensions />
	</Project>
</CodeBlocks_project_file>
