<?xml version="1.0" encoding="UTF-8" standalone="yes" ?>
<CodeBlocks_project_file>
	<FileVersion major="1" minor="6" />
	<Project>
		<Option title="Irrlicht Pong" />
		<Option pch_mode="0" />
		<Option compiler="gcc" />
		<Build>
			<Target title="default">
				<Option output="./Pong" prefix_auto="0" extension_auto="0" />
				<Option type="1" />
				<Option compiler="gcc" />
				<Option projectResourceIncludeDirsRelation="1" />
			</Target>
		</Build>
		<VirtualTargets>
			<Add alias="All" targets="default;" />
		</VirtualTargets>
		<Compiler>
			<Add directory="/home/Dev/libs/game/Irrlicht-SVN/include" />
		</Compiler>
		<Linker>
			<Add library="Irrlicht" />
			<Add library="GL" />
			<Add library="Xxf86vm" />
			<Add library="X11" />
			<Add directory="/home/Dev/libs/game/Irrlicht-SVN/lib/Linux" />
		</Linker>
		<Unit filename="cpu/callback.cpp" />
		<Unit filename="cpu/core_dyn_x86.cpp" />
		<Unit filename="cpu/core_dyn_x86/cache.h" />
		<Unit filename="cpu/core_dyn_x86/decoder.h" />
		<Unit filename="cpu/core_dyn_x86/dyn_fpu.h" />
		<Unit filename="cpu/core_dyn_x86/dyn_fpu_dh.h" />
		<Unit filename="cpu/core_dyn_x86/helpers.h" />
		<Unit filename="cpu/core_dyn_x86/risc_x86.h" />
		<Unit filename="cpu/core_dyn_x86/string.h" />
		<Unit filename="cpu/core_dynrec.cpp" />
		<Unit filename="cpu/core_dynrec/cache.h" />
		<Unit filename="cpu/core_dynrec/decoder.h" />
		<Unit filename="cpu/core_dynrec/decoder_basic.h" />
		<Unit filename="cpu/core_dynrec/decoder_opcodes.h" />
		<Unit filename="cpu/core_dynrec/dyn_fpu.h" />
		<Unit filename="cpu/core_dynrec/operators.h" />
		<Unit filename="cpu/core_dynrec/risc_armv4le-common.h" />
		<Unit filename="cpu/core_dynrec/risc_armv4le-o3.h" />
		<Unit filename="cpu/core_dynrec/risc_armv4le-thumb-iw.h" />
		<Unit filename="cpu/core_dynrec/risc_armv4le-thumb-niw.h" />
		<Unit filename="cpu/core_dynrec/risc_armv4le-thumb.h" />
		<Unit filename="cpu/core_dynrec/risc_armv4le.h" />
		<Unit filename="cpu/core_dynrec/risc_mipsel32.h" />
		<Unit filename="cpu/core_dynrec/risc_x64.h" />
		<Unit filename="cpu/core_dynrec/risc_x86.h" />
		<Unit filename="cpu/core_full.cpp" />
		<Unit filename="cpu/core_full/ea_lookup.h" />
		<Unit filename="cpu/core_full/load.h" />
		<Unit filename="cpu/core_full/loadwrite.h" />
		<Unit filename="cpu/core_full/op.h" />
		<Unit filename="cpu/core_full/optable.h" />
		<Unit filename="cpu/core_full/save.h" />
		<Unit filename="cpu/core_full/string.h" />
		<Unit filename="cpu/core_full/support.h" />
		<Unit filename="cpu/core_funarray.h" />
		<Unit filename="cpu/core_normal.cpp" />
		<Unit filename="cpu/core_normal/helpers.h" />
		<Unit filename="cpu/core_normal/prefix_0f.h" />
		<Unit filename="cpu/core_normal/prefix_66.h" />
		<Unit filename="cpu/core_normal/prefix_66_0f.h" />
		<Unit filename="cpu/core_normal/prefix_none.h" />
		<Unit filename="cpu/core_normal/string.h" />
		<Unit filename="cpu/core_normal/support.h" />
		<Unit filename="cpu/core_normal/table_ea.h" />
		<Unit filename="cpu/core_normal_fun.h" />
		<Unit filename="cpu/core_prefetch.cpp" />
		<Unit filename="cpu/core_prefetch_fun.h" />
		<Unit filename="cpu/core_simple.cpp" />
		<Unit filename="cpu/core_simple_fun.h" />
		<Unit filename="cpu/cpu.cpp" />
		<Unit filename="cpu/flags.cpp" />
		<Unit filename="cpu/instructions.h" />
		<Unit filename="cpu/lazyflags.h" />
		<Unit filename="cpu/modrm.cpp" />
		<Unit filename="cpu/modrm.h" />
		<Unit filename="cpu/paging.cpp" />
		<Unit filename="debug/debug.cpp" />
		<Unit filename="debug/debug_disasm.cpp" />
		<Unit filename="debug/debug_gui.cpp" />
		<Unit filename="debug/debug_inc.h" />
		<Unit filename="debug/debug_win32.cpp" />
		<Unit filename="debug/disasm_tables.h" />
		<Unit filename="dos/cdrom.cpp" />
		<Unit filename="dos/cdrom.h" />
		<Unit filename="dos/cdrom_aspi_win32.cpp" />
		<Unit filename="dos/cdrom_image.cpp" />
		<Unit filename="dos/cdrom_ioctl_linux.cpp" />
		<Unit filename="dos/cdrom_ioctl_os2.cpp" />
		<Unit filename="dos/cdrom_ioctl_win32.cpp" />
		<Unit filename="dos/dev_con.h" />
		<Unit filename="dos/dos.cpp" />
		<Unit filename="dos/dos_classes.cpp" />
		<Unit filename="dos/dos_codepages.h" />
		<Unit filename="dos/dos_devices.cpp" />
		<Unit filename="dos/dos_execute.cpp" />
		<Unit filename="dos/dos_files.cpp" />
		<Unit filename="dos/dos_ioctl.cpp" />
		<Unit filename="dos/dos_keyboard_layout.cpp" />
		<Unit filename="dos/dos_keyboard_layout_data.h" />
		<Unit filename="dos/dos_memory.cpp" />
		<Unit filename="dos/dos_misc.cpp" />
		<Unit filename="dos/dos_mscdex.cpp" />
		<Unit filename="dos/dos_programs.cpp" />
		<Unit filename="dos/dos_tables.cpp" />
		<Unit filename="dos/drive_cache.cpp" />
		<Unit filename="dos/drive_fat.cpp" />
		<Unit filename="dos/drive_iso.cpp" />
		<Unit filename="dos/drive_local.cpp" />
		<Unit filename="dos/drive_virtual.cpp" />
		<Unit filename="dos/drives.cpp" />
		<Unit filename="dos/drives.h" />
		<Unit filename="dos/scsidefs.h" />
		<Unit filename="dos/wnaspi32.h" />
		<Unit filename="dosbox.cpp" />
		<Unit filename="fpu/fpu.cpp" />
		<Unit filename="fpu/fpu_instructions.h" />
		<Unit filename="fpu/fpu_instructions_x86.h" />
		<Unit filename="gui/curstxt.cpp" />
		<Unit filename="gui/dosbox_logo.h" />
		<Unit filename="gui/dosbox_splash.h" />
		<Unit filename="gui/midi.cpp" />
		<Unit filename="gui/midi_alsa.h" />
		<Unit filename="gui/midi_coreaudio.h" />
		<Unit filename="gui/midi_coremidi.h" />
		<Unit filename="gui/midi_oss.h" />
		<Unit filename="gui/midi_win32.h" />
		<Unit filename="gui/render.cpp" />
		<Unit filename="gui/render_loops.h" />
		<Unit filename="gui/render_scalers.cpp" />
		<Unit filename="gui/render_scalers.h" />
		<Unit filename="gui/render_simple.h" />
		<Unit filename="gui/render_templates.h" />
		<Unit filename="gui/render_templates_hq.h" />
		<Unit filename="gui/render_templates_hq2x.h" />
		<Unit filename="gui/render_templates_hq3x.h" />
		<Unit filename="gui/render_templates_sai.h" />
		<Unit filename="gui/sdl_gui.cpp" />
		<Unit filename="gui/sdl_mapper.cpp" />
		<Unit filename="gui/sdlmain.cpp" />
		<Unit filename="hardware/adlib.cpp" />
		<Unit filename="hardware/adlib.h" />
		<Unit filename="hardware/cmos.cpp" />
		<Unit filename="hardware/dbopl.cpp" />
		<Unit filename="hardware/dbopl.h" />
		<Unit filename="hardware/disney.cpp" />
		<Unit filename="hardware/dma.cpp" />
		<Unit filename="hardware/gameblaster.cpp" />
		<Unit filename="hardware/gus.cpp" />
		<Unit filename="hardware/hardware.cpp" />
		<Unit filename="hardware/iohandler.cpp" />
		<Unit filename="hardware/ipx.cpp" />
		<Unit filename="hardware/ipxserver.cpp" />
		<Unit filename="hardware/joystick.cpp" />
		<Unit filename="hardware/keyboard.cpp" />
		<Unit filename="hardware/memory.cpp" />
		<Unit filename="hardware/mixer.cpp" />
		<Unit filename="hardware/mpu401.cpp" />
		<Unit filename="hardware/opl.cpp" />
		<Unit filename="hardware/opl.h" />
		<Unit filename="hardware/pci_bus.cpp" />
		<Unit filename="hardware/pci_devices.h" />
		<Unit filename="hardware/pcspeaker.cpp" />
		<Unit filename="hardware/pic.cpp" />
		<Unit filename="hardware/sblaster.cpp" />
		<Unit filename="hardware/serialport/directserial.cpp" />
		<Unit filename="hardware/serialport/directserial.h" />
		<Unit filename="hardware/serialport/libserial.cpp" />
		<Unit filename="hardware/serialport/libserial.h" />
		<Unit filename="hardware/serialport/misc_util.cpp" />
		<Unit filename="hardware/serialport/misc_util.h" />
		<Unit filename="hardware/serialport/nullmodem.cpp" />
		<Unit filename="hardware/serialport/nullmodem.h" />
		<Unit filename="hardware/serialport/serialdummy.cpp" />
		<Unit filename="hardware/serialport/serialdummy.h" />
		<Unit filename="hardware/serialport/serialport.cpp" />
		<Unit filename="hardware/serialport/softmodem.cpp" />
		<Unit filename="hardware/serialport/softmodem.h" />
		<Unit filename="hardware/tandy_sound.cpp" />
		<Unit filename="hardware/timer.cpp" />
		<Unit filename="hardware/vga.cpp" />
		<Unit filename="hardware/vga_attr.cpp" />
		<Unit filename="hardware/vga_crtc.cpp" />
		<Unit filename="hardware/vga_dac.cpp" />
		<Unit filename="hardware/vga_draw.cpp" />
		<Unit filename="hardware/vga_gfx.cpp" />
		<Unit filename="hardware/vga_memory.cpp" />
		<Unit filename="hardware/vga_misc.cpp" />
		<Unit filename="hardware/vga_other.cpp" />
		<Unit filename="hardware/vga_paradise.cpp" />
		<Unit filename="hardware/vga_s3.cpp" />
		<Unit filename="hardware/vga_seq.cpp" />
		<Unit filename="hardware/vga_tseng.cpp" />
		<Unit filename="hardware/vga_xga.cpp" />
		<Unit filename="ints/bios.cpp" />
		<Unit filename="ints/bios_disk.cpp" />
		<Unit filename="ints/bios_keyboard.cpp" />
		<Unit filename="ints/ems.cpp" />
		<Unit filename="ints/int10.cpp" />
		<Unit filename="ints/int10.h" />
		<Unit filename="ints/int10_char.cpp" />
		<Unit filename="ints/int10_memory.cpp" />
		<Unit filename="ints/int10_misc.cpp" />
		<Unit filename="ints/int10_modes.cpp" />
		<Unit filename="ints/int10_pal.cpp" />
		<Unit filename="ints/int10_put_pixel.cpp" />
		<Unit filename="ints/int10_vesa.cpp" />
		<Unit filename="ints/int10_video_state.cpp" />
		<Unit filename="ints/int10_vptable.cpp" />
		<Unit filename="ints/mouse.cpp" />
		<Unit filename="ints/xms.cpp" />
		<Unit filename="ints/xms.h" />
		<Unit filename="libs/gui_tk/gui_tk.cpp" />
		<Unit filename="libs/gui_tk/gui_tk.h" />
		<Unit filename="libs/zmbv/drvproc.cpp" />
		<Unit filename="libs/zmbv/resource.h" />
		<Unit filename="libs/zmbv/zmbv.cpp" />
		<Unit filename="libs/zmbv/zmbv.h" />
		<Unit filename="libs/zmbv/zmbv_vfw.cpp" />
		<Unit filename="libs/zmbv/zmbv_vfw.h" />
		<Unit filename="libs/zmbv/zmbv_vfw.rc" />
		<Unit filename="main.cpp" />
		<Unit filename="misc/cross.cpp" />
		<Unit filename="misc/messages.cpp" />
		<Unit filename="misc/programs.cpp" />
		<Unit filename="misc/setup.cpp" />
		<Unit filename="misc/support.cpp" />
		<Unit filename="platform/visualc/config.h" />
		<Unit filename="platform/visualc/ntddcdrm.h" />
		<Unit filename="platform/visualc/ntddscsi.h" />
		<Unit filename="platform/visualc/unistd.h" />
		<Unit filename="shell/shell.cpp" />
		<Unit filename="shell/shell_batch.cpp" />
		<Unit filename="shell/shell_cmds.cpp" />
		<Unit filename="shell/shell_misc.cpp" />
		<Unit filename="winres.rc" />
		<Extensions />
	</Project>
</CodeBlocks_project_file>
