<?xml version="1.0" encoding="UTF-8" standalone="yes" ?>
<CodeBlocks_project_file>
	<FileVersion major="1" minor="6" />
	<Project>
		<Option title="Irrlicht Pong" />
		<Option pch_mode="0" />
		<Option compiler="emscripten" />
		<Build>
			<Target title="default">
				<Option output="./Pong.html" prefix_auto="0" extension_auto="0" />
				<Option type="1" />
				<Option compiler="emscripten" />
				<Option projectResourceIncludeDirsRelation="1" />
			</Target>
		</Build>
		<VirtualTargets>
			<Add alias="All" targets="default;" />
		</VirtualTargets>
		<Compiler>
			<Add option="-s USE_SDL=2" />
			<Add directory="../../../Libs/irrlicht-ogl-es/irrlicht/include" />
		</Compiler>
		<Linker>
			<Add option="-s USE_SDL=2" />
			<Add option="-s USE_SDL_IMAGE=2" />
			<Add option='-s SDL2_IMAGE_FORMATS=&apos;[&quot;png&quot;]&apos;' />
			<Add option="-s USE_SDL_TTF=2" />
			<Add library="Irrlicht" />
			<Add library="GLESv2" />
			<Add library="GL" />
			<Add library="SDL" />
			<Add directory="../../../Libs/irrlicht-ogl-es/irrlicht/lib/Linux" />
		</Linker>
		<Unit filename="main.c">
			<Option compilerVar="CC" />
		</Unit>
		<Extensions>
			<code_completion />
			<debugger />
			<envvars />
		</Extensions>
	</Project>
</CodeBlocks_project_file>
