<?xml version="1.0" encoding="UTF-8" standalone="yes" ?>
<CodeBlocks_project_file>
	<FileVersion major="1" minor="6" />
	<Project>
		<Option title="tolua++" />
		<Option pch_mode="0" />
		<Option compiler="gcc" />
		<Build>
			<Target title="default">
				<Option output="../../lib/libtolua++.a" prefix_auto="0" extension_auto="0" />
				<Option working_dir="" />
				<Option type="2" />
				<Option compiler="gcc" />
				<Option projectResourceIncludeDirsRelation="1" />
			</Target>
			<Target title="emscripten">
				<Option output="../../lib/libtolua++.a" prefix_auto="0" extension_auto="0" />
				<Option working_dir="" />
				<Option type="2" />
				<Option compiler="emscripten" />
				<Option projectResourceIncludeDirsRelation="1" />
				<Compiler>
					<Add directory="../../../scripting/lua-5.1.4/src" />
					<Add directory="../../include" />
				</Compiler>
				<Linker>
					<Add library="lua" />
					<Add directory="../../../scripting/lua-5.1.4/src" />
				</Linker>
			</Target>
		</Build>
		<VirtualTargets>
			<Add alias="All" targets="default;" />
		</VirtualTargets>
		<Compiler>
			<Add option="-fpic" />
			<Add directory="../../../scripting/lua-5.1.4/src" />
			<Add directory="../../include" />
		</Compiler>
		<Linker>
			<Add library="lua" />
			<Add directory="../../../scripting/lua-5.1.4/src" />
		</Linker>
		<Unit filename="tolua_event.c">
			<Option compilerVar="CC" />
		</Unit>
		<Unit filename="tolua_event.h" />
		<Unit filename="tolua_is.c">
			<Option compilerVar="CC" />
		</Unit>
		<Unit filename="tolua_map.c">
			<Option compilerVar="CC" />
		</Unit>
		<Unit filename="tolua_push.c">
			<Option compilerVar="CC" />
		</Unit>
		<Unit filename="tolua_to.c">
			<Option compilerVar="CC" />
		</Unit>
		<Extensions />
	</Project>
</CodeBlocks_project_file>
