<?xml version="1.0" encoding="UTF-8" standalone="yes" ?>
<CodeBlocks_project_file>
	<FileVersion major="1" minor="6" />
	<Project>
		<Option title="8086tiny" />
		<Option pch_mode="0" />
		<Option compiler="emscripten" />
		<Build>
			<Target title="default">
				<Option output="./8086tiny" prefix_auto="1" extension_auto="1" />
				<Option type="1" />
				<Option compiler="gcc" />
				<Option projectResourceIncludeDirsRelation="1" />
			</Target>
			<Target title="emscripten">
				<Option output="./8086tiny.html" prefix_auto="0" extension_auto="0" />
				<Option object_output=".emobjs" />
				<Option type="1" />
				<Option compiler="emscripten" />
				<Option projectCompilerOptionsRelation="1" />
				<Option projectLinkerOptionsRelation="1" />
				<Option projectIncludeDirsRelation="1" />
				<Option projectResourceIncludeDirsRelation="1" />
				<Compiler>
					<Add option="-D__EMSCRIPTEN__" />
					<Add option="-DUSE_TMT" />
					<Add directory="../../../../irrlicht-ogl-es/irrlicht/include" />
					<Add directory="../../../Libs/physics/Bullet278/src" />
					<Add directory="../../../Libs/irrlicht-ogl-es/irrlicht/include" />
				</Compiler>
				<Linker>
					<Add option="-s ALLOW_MEMORY_GROWTH=1" />
					<Add option="-s NO_EXIT_RUNTIME=1" />
					<Add option="-s USE_SDL=1" />
					<Add option="-s EXIT_RUNTIME=1" />
					<Add option="--preload-file media/" />
					<Add library="SDL" />
					<Add directory="../../../irrlicht-ogl-es/irrlicht/lib/Linux" />
					<Add directory="../../../Libs/physics/Bullet278/msvc/2008/lib/Release" />
					<Add directory="../../../Libs/irrlicht-ogl-es/irrlicht/lib/Linux" />
					<Add directory="../irrBulletSDK-0.1.8/lib/linux/Release" />
				</Linker>
			</Target>
			<Target title="Copy of emscripten">
				<Option output="./8086tiny.html" prefix_auto="0" extension_auto="0" />
				<Option object_output=".emobjs" />
				<Option type="1" />
				<Option compiler="emscripten" />
				<Option projectIncludeDirsRelation="1" />
				<Option projectResourceIncludeDirsRelation="1" />
				<Option projectLibDirsRelation="1" />
				<Compiler>
					<Add option="-D_IRR_STATIC_LIB_" />
					<Add option="-D_IRR_EMSCRIPTEN_PLATFORM_" />
					<Add option="-D__EMSCRIPTEN__" />
					<Add option="-DUSE_TMT" />
					<Add option="-DNO_AUDIO" />
					<Add option="-DGRAPHICS_UPDATE_DELAY=25000" />
					<Add directory="../../../../irrlicht-ogl-es/irrlicht/include" />
					<Add directory="/home/netpipe/Desktop/EMScripten-AddonBundle/Libs/physics/Bullet/bullet/src" />
					<Add directory="../../../Libs/irrlicht-ogl-es/irrlicht/include" />
				</Compiler>
				<Linker>
					<Add option="-s ALLOW_MEMORY_GROWTH=1" />
					<Add option="--preload-file media/" />
					<Add option="-s DISABLE_EXCEPTION_CATCHING=0" />
					<Add option="-s NO_EXIT_RUNTIME=1" />
					<Add option="--embed-file bios" />
					<Add option="--embed-file fd.img" />
					<Add library="SDL" />
					<Add directory="../../../irrlicht-ogl-es/irrlicht/lib/Linux" />
					<Add directory="/home/netpipe/Desktop/EMScripten-AddonBundle/Libs/physics/Bullet/bullet/msvc/2008/lib/Release" />
					<Add directory="../../../Libs/irrlicht-ogl-es/irrlicht/lib/Linux" />
					<Add directory="/home/netpipe/Desktop/EMScripten-AddonBundle/Projects/Irrlicht/irrBulletSDK-0.1.8/lib/linux/Release" />
				</Linker>
			</Target>
		</Build>
		<VirtualTargets>
			<Add alias="All" targets="default;" />
		</VirtualTargets>
		<Compiler>
			<Add option="`sdl-config --cflags`" />
			<Add directory="../../../../irrlicht-ogl-es/irrlicht/include" />
			<Add directory="/run/media/netpipe/df7f53ef-2a98-4562-a498-7da578dab660/Dev/libs/Scripting/emsdk/upstream/emscripten/tests/bullet/src" />
			<Add directory="../../../Libs/irrlicht-ogl-es/irrlicht/include" />
		</Compiler>
		<Linker>
			<Add option="`sdl-config --libs`" />
			<Add library="SDL" />
			<Add directory="../../../irrlicht-ogl-es/irrlicht/lib/Linux" />
			<Add directory="/run/media/netpipe/df7f53ef-2a98-4562-a498-7da578dab660/Dev/libs/Scripting/emsdk/upstream/emscripten/tests/bullet/src/.libs" />
			<Add directory="../../../Libs/irrlicht-ogl-es/irrlicht/lib/Linux" />
		</Linker>
		<Unit filename="cheat/BankRomCheat.cxx" />
		<Unit filename="cheat/BankRomCheat.hxx" />
		<Unit filename="cheat/Cheat.hxx" />
		<Unit filename="cheat/CheatCodeDialog.cxx" />
		<Unit filename="cheat/CheatCodeDialog.hxx" />
		<Unit filename="cheat/CheatManager.cxx" />
		<Unit filename="cheat/CheatManager.hxx" />
		<Unit filename="cheat/CheetahCheat.cxx" />
		<Unit filename="cheat/CheetahCheat.hxx" />
		<Unit filename="cheat/RamCheat.cxx" />
		<Unit filename="cheat/RamCheat.hxx" />
		<Unit filename="common/Array.hxx" />
		<Unit filename="common/Base.cxx" />
		<Unit filename="common/Base.hxx" />
		<Unit filename="common/EventHandlerSDL2.cxx" />
		<Unit filename="common/EventHandlerSDL2.hxx" />
		<Unit filename="common/FBSurfaceSDL2.cxx" />
		<Unit filename="common/FBSurfaceSDL2.hxx" />
		<Unit filename="common/FSNodeFactory.hxx" />
		<Unit filename="common/FSNodeZIP.cxx" />
		<Unit filename="common/FSNodeZIP.hxx" />
		<Unit filename="common/FrameBufferSDL2.cxx" />
		<Unit filename="common/FrameBufferSDL2.hxx" />
		<Unit filename="common/MouseControl.cxx" />
		<Unit filename="common/MouseControl.hxx" />
		<Unit filename="common/PNGLibrary.cxx" />
		<Unit filename="common/PNGLibrary.hxx" />
		<Unit filename="common/SharedPtr.hxx" />
		<Unit filename="common/SoundNull.hxx" />
		<Unit filename="common/SoundSDL2.cxx" />
		<Unit filename="common/SoundSDL2.hxx" />
		<Unit filename="common/Stack.hxx" />
		<Unit filename="common/StellaKeys.hxx" />
		<Unit filename="common/StringList.hxx" />
		<Unit filename="common/StringParser.hxx" />
		<Unit filename="common/Variant.hxx" />
		<Unit filename="common/Version.hxx" />
		<Unit filename="common/ZipHandler.cxx" />
		<Unit filename="common/ZipHandler.hxx" />
		<Unit filename="common/bspf.hxx" />
		<Unit filename="common/mainSDL.cxx" />
		<Unit filename="common/tv_filters/NTSCFilter.cxx" />
		<Unit filename="common/tv_filters/NTSCFilter.hxx" />
		<Unit filename="common/tv_filters/atari_ntsc.c">
			<Option compilerVar="CC" />
		</Unit>
		<Unit filename="common/tv_filters/atari_ntsc.h" />
		<Unit filename="common/tv_filters/atari_ntsc_impl.h" />
		<Unit filename="debugger/CartDebug.cxx" />
		<Unit filename="debugger/CartDebug.hxx" />
		<Unit filename="debugger/CpuDebug.cxx" />
		<Unit filename="debugger/CpuDebug.hxx" />
		<Unit filename="debugger/Debugger.cxx" />
		<Unit filename="debugger/Debugger.hxx" />
		<Unit filename="debugger/DebuggerExpressions.hxx" />
		<Unit filename="debugger/DebuggerParser.cxx" />
		<Unit filename="debugger/DebuggerParser.hxx" />
		<Unit filename="debugger/DebuggerSystem.hxx" />
		<Unit filename="debugger/DiStella.cxx" />
		<Unit filename="debugger/DiStella.hxx" />
		<Unit filename="debugger/Expression.cxx" />
		<Unit filename="debugger/Expression.hxx" />
		<Unit filename="debugger/PackedBitArray.cxx" />
		<Unit filename="debugger/PackedBitArray.hxx" />
		<Unit filename="debugger/RiotDebug.cxx" />
		<Unit filename="debugger/RiotDebug.hxx" />
		<Unit filename="debugger/TIADebug.cxx" />
		<Unit filename="debugger/TIADebug.hxx" />
		<Unit filename="debugger/gui/AtariVoxWidget.cxx" />
		<Unit filename="debugger/gui/AtariVoxWidget.hxx" />
		<Unit filename="debugger/gui/AudioWidget.cxx" />
		<Unit filename="debugger/gui/AudioWidget.hxx" />
		<Unit filename="debugger/gui/BoosterWidget.cxx" />
		<Unit filename="debugger/gui/BoosterWidget.hxx" />
		<Unit filename="debugger/gui/Cart0840Widget.cxx" />
		<Unit filename="debugger/gui/Cart0840Widget.hxx" />
		<Unit filename="debugger/gui/Cart2KWidget.cxx" />
		<Unit filename="debugger/gui/Cart2KWidget.hxx" />
		<Unit filename="debugger/gui/Cart3EWidget.cxx" />
		<Unit filename="debugger/gui/Cart3EWidget.hxx" />
		<Unit filename="debugger/gui/Cart3FWidget.cxx" />
		<Unit filename="debugger/gui/Cart3FWidget.hxx" />
		<Unit filename="debugger/gui/Cart4A50Widget.cxx" />
		<Unit filename="debugger/gui/Cart4A50Widget.hxx" />
		<Unit filename="debugger/gui/Cart4KSCWidget.cxx" />
		<Unit filename="debugger/gui/Cart4KSCWidget.hxx" />
		<Unit filename="debugger/gui/Cart4KWidget.cxx" />
		<Unit filename="debugger/gui/Cart4KWidget.hxx" />
		<Unit filename="debugger/gui/CartARWidget.cxx" />
		<Unit filename="debugger/gui/CartARWidget.hxx" />
		<Unit filename="debugger/gui/CartBFSCWidget.cxx" />
		<Unit filename="debugger/gui/CartBFSCWidget.hxx" />
		<Unit filename="debugger/gui/CartBFWidget.cxx" />
		<Unit filename="debugger/gui/CartBFWidget.hxx" />
		<Unit filename="debugger/gui/CartCMWidget.cxx" />
		<Unit filename="debugger/gui/CartCMWidget.hxx" />
		<Unit filename="debugger/gui/CartCTYWidget.cxx" />
		<Unit filename="debugger/gui/CartCTYWidget.hxx" />
		<Unit filename="debugger/gui/CartCVWidget.cxx" />
		<Unit filename="debugger/gui/CartCVWidget.hxx" />
		<Unit filename="debugger/gui/CartDASHWidget.cxx" />
		<Unit filename="debugger/gui/CartDASHWidget.hxx" />
		<Unit filename="debugger/gui/CartDFSCWidget.cxx" />
		<Unit filename="debugger/gui/CartDFSCWidget.hxx" />
		<Unit filename="debugger/gui/CartDFWidget.cxx" />
		<Unit filename="debugger/gui/CartDFWidget.hxx" />
		<Unit filename="debugger/gui/CartDPCPlusWidget.cxx" />
		<Unit filename="debugger/gui/CartDPCPlusWidget.hxx" />
		<Unit filename="debugger/gui/CartDPCWidget.cxx" />
		<Unit filename="debugger/gui/CartDPCWidget.hxx" />
		<Unit filename="debugger/gui/CartDebugWidget.hxx" />
		<Unit filename="debugger/gui/CartE0Widget.cxx" />
		<Unit filename="debugger/gui/CartE0Widget.hxx" />
		<Unit filename="debugger/gui/CartE7Widget.cxx" />
		<Unit filename="debugger/gui/CartE7Widget.hxx" />
		<Unit filename="debugger/gui/CartEFSCWidget.cxx" />
		<Unit filename="debugger/gui/CartEFSCWidget.hxx" />
		<Unit filename="debugger/gui/CartEFWidget.cxx" />
		<Unit filename="debugger/gui/CartEFWidget.hxx" />
		<Unit filename="debugger/gui/CartF0Widget.cxx" />
		<Unit filename="debugger/gui/CartF0Widget.hxx" />
		<Unit filename="debugger/gui/CartF4SCWidget.cxx" />
		<Unit filename="debugger/gui/CartF4SCWidget.hxx" />
		<Unit filename="debugger/gui/CartF4Widget.cxx" />
		<Unit filename="debugger/gui/CartF4Widget.hxx" />
		<Unit filename="debugger/gui/CartF6SCWidget.cxx" />
		<Unit filename="debugger/gui/CartF6SCWidget.hxx" />
		<Unit filename="debugger/gui/CartF6Widget.cxx" />
		<Unit filename="debugger/gui/CartF6Widget.hxx" />
		<Unit filename="debugger/gui/CartF8SCWidget.cxx" />
		<Unit filename="debugger/gui/CartF8SCWidget.hxx" />
		<Unit filename="debugger/gui/CartF8Widget.cxx" />
		<Unit filename="debugger/gui/CartF8Widget.hxx" />
		<Unit filename="debugger/gui/CartFA2Widget.cxx" />
		<Unit filename="debugger/gui/CartFA2Widget.hxx" />
		<Unit filename="debugger/gui/CartFAWidget.cxx" />
		<Unit filename="debugger/gui/CartFAWidget.hxx" />
		<Unit filename="debugger/gui/CartFEWidget.cxx" />
		<Unit filename="debugger/gui/CartFEWidget.hxx" />
		<Unit filename="debugger/gui/CartMCWidget.cxx" />
		<Unit filename="debugger/gui/CartMCWidget.hxx" />
		<Unit filename="debugger/gui/CartMDMWidget.cxx" />
		<Unit filename="debugger/gui/CartMDMWidget.hxx" />
		<Unit filename="debugger/gui/CartRamWidget.cxx" />
		<Unit filename="debugger/gui/CartRamWidget.hxx" />
		<Unit filename="debugger/gui/CartSBWidget.cxx" />
		<Unit filename="debugger/gui/CartSBWidget.hxx" />
		<Unit filename="debugger/gui/CartUAWidget.cxx" />
		<Unit filename="debugger/gui/CartUAWidget.hxx" />
		<Unit filename="debugger/gui/CartX07Widget.cxx" />
		<Unit filename="debugger/gui/CartX07Widget.hxx" />
		<Unit filename="debugger/gui/ColorWidget.cxx" />
		<Unit filename="debugger/gui/ColorWidget.hxx" />
		<Unit filename="debugger/gui/ControllerWidget.hxx" />
		<Unit filename="debugger/gui/CpuWidget.cxx" />
		<Unit filename="debugger/gui/CpuWidget.hxx" />
		<Unit filename="debugger/gui/DataGridOpsWidget.cxx" />
		<Unit filename="debugger/gui/DataGridOpsWidget.hxx" />
		<Unit filename="debugger/gui/DataGridWidget.cxx" />
		<Unit filename="debugger/gui/DataGridWidget.hxx" />
		<Unit filename="debugger/gui/DebuggerDialog.cxx" />
		<Unit filename="debugger/gui/DebuggerDialog.hxx" />
		<Unit filename="debugger/gui/DrivingWidget.cxx" />
		<Unit filename="debugger/gui/DrivingWidget.hxx" />
		<Unit filename="debugger/gui/GenesisWidget.cxx" />
		<Unit filename="debugger/gui/GenesisWidget.hxx" />
		<Unit filename="debugger/gui/JoystickWidget.cxx" />
		<Unit filename="debugger/gui/JoystickWidget.hxx" />
		<Unit filename="debugger/gui/KeyboardWidget.cxx" />
		<Unit filename="debugger/gui/KeyboardWidget.hxx" />
		<Unit filename="debugger/gui/NullControlWidget.hxx" />
		<Unit filename="debugger/gui/PaddleWidget.cxx" />
		<Unit filename="debugger/gui/PaddleWidget.hxx" />
		<Unit filename="debugger/gui/PromptWidget.cxx" />
		<Unit filename="debugger/gui/PromptWidget.hxx" />
		<Unit filename="debugger/gui/RamWidget.cxx" />
		<Unit filename="debugger/gui/RamWidget.hxx" />
		<Unit filename="debugger/gui/RiotWidget.cxx" />
		<Unit filename="debugger/gui/RiotWidget.hxx" />
		<Unit filename="debugger/gui/RomListSettings.cxx" />
		<Unit filename="debugger/gui/RomListSettings.hxx" />
		<Unit filename="debugger/gui/RomListWidget.cxx" />
		<Unit filename="debugger/gui/RomListWidget.hxx" />
		<Unit filename="debugger/gui/RomWidget.cxx" />
		<Unit filename="debugger/gui/RomWidget.hxx" />
		<Unit filename="debugger/gui/SaveKeyWidget.cxx" />
		<Unit filename="debugger/gui/SaveKeyWidget.hxx" />
		<Unit filename="debugger/gui/TiaInfoWidget.cxx" />
		<Unit filename="debugger/gui/TiaInfoWidget.hxx" />
		<Unit filename="debugger/gui/TiaOutputWidget.cxx" />
		<Unit filename="debugger/gui/TiaOutputWidget.hxx" />
		<Unit filename="debugger/gui/TiaWidget.cxx" />
		<Unit filename="debugger/gui/TiaWidget.hxx" />
		<Unit filename="debugger/gui/TiaZoomWidget.cxx" />
		<Unit filename="debugger/gui/TiaZoomWidget.hxx" />
		<Unit filename="debugger/gui/ToggleBitWidget.cxx" />
		<Unit filename="debugger/gui/ToggleBitWidget.hxx" />
		<Unit filename="debugger/gui/TogglePixelWidget.cxx" />
		<Unit filename="debugger/gui/TogglePixelWidget.hxx" />
		<Unit filename="debugger/gui/ToggleWidget.cxx" />
		<Unit filename="debugger/gui/ToggleWidget.hxx" />
		<Unit filename="emucore/AtariVox.cxx" />
		<Unit filename="emucore/AtariVox.hxx" />
		<Unit filename="emucore/Booster.cxx" />
		<Unit filename="emucore/Booster.hxx" />
		<Unit filename="emucore/Cart.cxx" />
		<Unit filename="emucore/Cart.hxx" />
		<Unit filename="emucore/Cart0840.cxx" />
		<Unit filename="emucore/Cart0840.hxx" />
		<Unit filename="emucore/Cart2K.cxx" />
		<Unit filename="emucore/Cart2K.hxx" />
		<Unit filename="emucore/Cart3E.cxx" />
		<Unit filename="emucore/Cart3E.hxx" />
		<Unit filename="emucore/Cart3F.cxx" />
		<Unit filename="emucore/Cart3F.hxx" />
		<Unit filename="emucore/Cart4A50.cxx" />
		<Unit filename="emucore/Cart4A50.hxx" />
		<Unit filename="emucore/Cart4K.cxx" />
		<Unit filename="emucore/Cart4K.hxx" />
		<Unit filename="emucore/Cart4KSC.cxx" />
		<Unit filename="emucore/Cart4KSC.hxx" />
		<Unit filename="emucore/CartAR.cxx" />
		<Unit filename="emucore/CartAR.hxx" />
		<Unit filename="emucore/CartBF.cxx" />
		<Unit filename="emucore/CartBF.hxx" />
		<Unit filename="emucore/CartBFSC.cxx" />
		<Unit filename="emucore/CartBFSC.hxx" />
		<Unit filename="emucore/CartCM.cxx" />
		<Unit filename="emucore/CartCM.hxx" />
		<Unit filename="emucore/CartCTY.cxx" />
		<Unit filename="emucore/CartCTY.hxx" />
		<Unit filename="emucore/CartCTYTunes.hxx" />
		<Unit filename="emucore/CartCV.cxx" />
		<Unit filename="emucore/CartCV.hxx" />
		<Unit filename="emucore/CartDASH.cxx" />
		<Unit filename="emucore/CartDASH.hxx" />
		<Unit filename="emucore/CartDF.cxx" />
		<Unit filename="emucore/CartDF.hxx" />
		<Unit filename="emucore/CartDFSC.cxx" />
		<Unit filename="emucore/CartDFSC.hxx" />
		<Unit filename="emucore/CartDPC.cxx" />
		<Unit filename="emucore/CartDPC.hxx" />
		<Unit filename="emucore/CartDPCPlus.cxx" />
		<Unit filename="emucore/CartDPCPlus.hxx" />
		<Unit filename="emucore/CartE0.cxx" />
		<Unit filename="emucore/CartE0.hxx" />
		<Unit filename="emucore/CartE7.cxx" />
		<Unit filename="emucore/CartE7.hxx" />
		<Unit filename="emucore/CartEF.cxx" />
		<Unit filename="emucore/CartEF.hxx" />
		<Unit filename="emucore/CartEFSC.cxx" />
		<Unit filename="emucore/CartEFSC.hxx" />
		<Unit filename="emucore/CartF0.cxx" />
		<Unit filename="emucore/CartF0.hxx" />
		<Unit filename="emucore/CartF4.cxx" />
		<Unit filename="emucore/CartF4.hxx" />
		<Unit filename="emucore/CartF4SC.cxx" />
		<Unit filename="emucore/CartF4SC.hxx" />
		<Unit filename="emucore/CartF6.cxx" />
		<Unit filename="emucore/CartF6.hxx" />
		<Unit filename="emucore/CartF6SC.cxx" />
		<Unit filename="emucore/CartF6SC.hxx" />
		<Unit filename="emucore/CartF8.cxx" />
		<Unit filename="emucore/CartF8.hxx" />
		<Unit filename="emucore/CartF8SC.cxx" />
		<Unit filename="emucore/CartF8SC.hxx" />
		<Unit filename="emucore/CartFA.cxx" />
		<Unit filename="emucore/CartFA.hxx" />
		<Unit filename="emucore/CartFA2.cxx" />
		<Unit filename="emucore/CartFA2.hxx" />
		<Unit filename="emucore/CartFE.cxx" />
		<Unit filename="emucore/CartFE.hxx" />
		<Unit filename="emucore/CartMC.cxx" />
		<Unit filename="emucore/CartMC.hxx" />
		<Unit filename="emucore/CartMDM.cxx" />
		<Unit filename="emucore/CartMDM.hxx" />
		<Unit filename="emucore/CartSB.cxx" />
		<Unit filename="emucore/CartSB.hxx" />
		<Unit filename="emucore/CartUA.cxx" />
		<Unit filename="emucore/CartUA.hxx" />
		<Unit filename="emucore/CartX07.cxx" />
		<Unit filename="emucore/CartX07.hxx" />
		<Unit filename="emucore/CompuMate.cxx" />
		<Unit filename="emucore/CompuMate.hxx" />
		<Unit filename="emucore/Console.cxx" />
		<Unit filename="emucore/Console.hxx" />
		<Unit filename="emucore/Control.cxx" />
		<Unit filename="emucore/Control.hxx" />
		<Unit filename="emucore/DefProps.hxx" />
		<Unit filename="emucore/Device.hxx" />
		<Unit filename="emucore/Driving.cxx" />
		<Unit filename="emucore/Driving.hxx" />
		<Unit filename="emucore/Event.hxx" />
		<Unit filename="emucore/EventHandler.cxx" />
		<Unit filename="emucore/EventHandler.hxx" />
		<Unit filename="emucore/FBSurface.cxx" />
		<Unit filename="emucore/FBSurface.hxx" />
		<Unit filename="emucore/FSNode.cxx" />
		<Unit filename="emucore/FSNode.hxx" />
		<Unit filename="emucore/FrameBuffer.cxx" />
		<Unit filename="emucore/FrameBuffer.hxx" />
		<Unit filename="emucore/Genesis.cxx" />
		<Unit filename="emucore/Genesis.hxx" />
		<Unit filename="emucore/Joystick.cxx" />
		<Unit filename="emucore/Joystick.hxx" />
		<Unit filename="emucore/Keyboard.cxx" />
		<Unit filename="emucore/Keyboard.hxx" />
		<Unit filename="emucore/KidVid.cxx" />
		<Unit filename="emucore/KidVid.hxx" />
		<Unit filename="emucore/M6502.cxx" />
		<Unit filename="emucore/M6502.hxx" />
		<Unit filename="emucore/M6532.cxx" />
		<Unit filename="emucore/M6532.hxx" />
		<Unit filename="emucore/MD5.cxx" />
		<Unit filename="emucore/MD5.hxx" />
		<Unit filename="emucore/MT24LC256.cxx" />
		<Unit filename="emucore/MT24LC256.hxx" />
		<Unit filename="emucore/MediaFactory.hxx" />
		<Unit filename="emucore/MindLink.cxx" />
		<Unit filename="emucore/MindLink.hxx" />
		<Unit filename="emucore/NullDev.cxx" />
		<Unit filename="emucore/NullDev.hxx" />
		<Unit filename="emucore/OSystem.cxx" />
		<Unit filename="emucore/OSystem.hxx" />
		<Unit filename="emucore/Paddles.cxx" />
		<Unit filename="emucore/Paddles.hxx" />
		<Unit filename="emucore/Props.cxx" />
		<Unit filename="emucore/Props.hxx" />
		<Unit filename="emucore/PropsSet.cxx" />
		<Unit filename="emucore/PropsSet.hxx" />
		<Unit filename="emucore/Random.cxx" />
		<Unit filename="emucore/Random.hxx" />
		<Unit filename="emucore/SaveKey.cxx" />
		<Unit filename="emucore/SaveKey.hxx" />
		<Unit filename="emucore/SerialPort.hxx" />
		<Unit filename="emucore/Serializable.hxx" />
		<Unit filename="emucore/Serializer.cxx" />
		<Unit filename="emucore/Serializer.hxx" />
		<Unit filename="emucore/Settings.cxx" />
		<Unit filename="emucore/Settings.hxx" />
		<Unit filename="emucore/Sound.hxx" />
		<Unit filename="emucore/StateManager.cxx" />
		<Unit filename="emucore/StateManager.hxx" />
		<Unit filename="emucore/Switches.cxx" />
		<Unit filename="emucore/Switches.hxx" />
		<Unit filename="emucore/System.cxx" />
		<Unit filename="emucore/System.hxx" />
		<Unit filename="emucore/TIA.cxx" />
		<Unit filename="emucore/TIA.hxx" />
		<Unit filename="emucore/TIASnd.cxx" />
		<Unit filename="emucore/TIASnd.hxx" />
		<Unit filename="emucore/TIASurface.cxx" />
		<Unit filename="emucore/TIASurface.hxx" />
		<Unit filename="emucore/TIATables.cxx" />
		<Unit filename="emucore/TIATables.hxx" />
		<Unit filename="emucore/Thumbulator.cxx" />
		<Unit filename="emucore/Thumbulator.hxx" />
		<Unit filename="emucore/TrackBall.cxx" />
		<Unit filename="emucore/TrackBall.hxx" />
		<Unit filename="gui/AboutDialog.cxx" />
		<Unit filename="gui/AboutDialog.hxx" />
		<Unit filename="gui/AudioDialog.cxx" />
		<Unit filename="gui/AudioDialog.hxx" />
		<Unit filename="gui/BrowserDialog.cxx" />
		<Unit filename="gui/BrowserDialog.hxx" />
		<Unit filename="gui/CheckListWidget.cxx" />
		<Unit filename="gui/CheckListWidget.hxx" />
		<Unit filename="gui/ComboDialog.cxx" />
		<Unit filename="gui/ComboDialog.hxx" />
		<Unit filename="gui/Command.hxx" />
		<Unit filename="gui/CommandDialog.cxx" />
		<Unit filename="gui/CommandDialog.hxx" />
		<Unit filename="gui/CommandMenu.cxx" />
		<Unit filename="gui/CommandMenu.hxx" />
		<Unit filename="gui/ConfigPathDialog.cxx" />
		<Unit filename="gui/ConfigPathDialog.hxx" />
		<Unit filename="gui/ConsoleBFont.hxx" />
		<Unit filename="gui/ConsoleFont.hxx" />
		<Unit filename="gui/ConsoleMediumBFont.hxx" />
		<Unit filename="gui/ConsoleMediumFont.hxx" />
		<Unit filename="gui/ContextMenu.cxx" />
		<Unit filename="gui/ContextMenu.hxx" />
		<Unit filename="gui/Dialog.cxx" />
		<Unit filename="gui/Dialog.hxx" />
		<Unit filename="gui/DialogContainer.cxx" />
		<Unit filename="gui/DialogContainer.hxx" />
		<Unit filename="gui/EditTextWidget.cxx" />
		<Unit filename="gui/EditTextWidget.hxx" />
		<Unit filename="gui/EditableWidget.cxx" />
		<Unit filename="gui/EditableWidget.hxx" />
		<Unit filename="gui/EventMappingWidget.cxx" />
		<Unit filename="gui/EventMappingWidget.hxx" />
		<Unit filename="gui/FileListWidget.cxx" />
		<Unit filename="gui/FileListWidget.hxx" />
		<Unit filename="gui/Font.cxx" />
		<Unit filename="gui/Font.hxx" />
		<Unit filename="gui/GameInfoDialog.cxx" />
		<Unit filename="gui/GameInfoDialog.hxx" />
		<Unit filename="gui/GameList.cxx" />
		<Unit filename="gui/GameList.hxx" />
		<Unit filename="gui/GlobalPropsDialog.cxx" />
		<Unit filename="gui/GlobalPropsDialog.hxx" />
		<Unit filename="gui/GuiObject.hxx" />
		<Unit filename="gui/HelpDialog.cxx" />
		<Unit filename="gui/HelpDialog.hxx" />
		<Unit filename="gui/InputDialog.cxx" />
		<Unit filename="gui/InputDialog.hxx" />
		<Unit filename="gui/InputTextDialog.cxx" />
		<Unit filename="gui/InputTextDialog.hxx" />
		<Unit filename="gui/Launcher.cxx" />
		<Unit filename="gui/Launcher.hxx" />
		<Unit filename="gui/LauncherDialog.cxx" />
		<Unit filename="gui/LauncherDialog.hxx" />
		<Unit filename="gui/LauncherFilterDialog.cxx" />
		<Unit filename="gui/LauncherFilterDialog.hxx" />
		<Unit filename="gui/ListWidget.cxx" />
		<Unit filename="gui/ListWidget.hxx" />
		<Unit filename="gui/LoggerDialog.cxx" />
		<Unit filename="gui/LoggerDialog.hxx" />
		<Unit filename="gui/Menu.cxx" />
		<Unit filename="gui/Menu.hxx" />
		<Unit filename="gui/MessageBox.cxx" />
		<Unit filename="gui/MessageBox.hxx" />
		<Unit filename="gui/OptionsDialog.cxx" />
		<Unit filename="gui/OptionsDialog.hxx" />
		<Unit filename="gui/PopUpWidget.cxx" />
		<Unit filename="gui/PopUpWidget.hxx" />
		<Unit filename="gui/ProgressDialog.cxx" />
		<Unit filename="gui/ProgressDialog.hxx" />
		<Unit filename="gui/Rect.hxx" />
		<Unit filename="gui/RomAuditDialog.cxx" />
		<Unit filename="gui/RomAuditDialog.hxx" />
		<Unit filename="gui/RomInfoWidget.cxx" />
		<Unit filename="gui/RomInfoWidget.hxx" />
		<Unit filename="gui/ScrollBarWidget.cxx" />
		<Unit filename="gui/ScrollBarWidget.hxx" />
		<Unit filename="gui/SnapshotDialog.cxx" />
		<Unit filename="gui/SnapshotDialog.hxx" />
		<Unit filename="gui/StellaFont.hxx" />
		<Unit filename="gui/StellaLargeFont.hxx" />
		<Unit filename="gui/StellaMediumFont.hxx" />
		<Unit filename="gui/StringListWidget.cxx" />
		<Unit filename="gui/StringListWidget.hxx" />
		<Unit filename="gui/TabWidget.cxx" />
		<Unit filename="gui/TabWidget.hxx" />
		<Unit filename="gui/UIDialog.cxx" />
		<Unit filename="gui/UIDialog.hxx" />
		<Unit filename="gui/VideoDialog.cxx" />
		<Unit filename="gui/VideoDialog.hxx" />
		<Unit filename="gui/Widget.cxx" />
		<Unit filename="gui/Widget.hxx" />
		<Unit filename="libpng/png.c">
			<Option compilerVar="CC" />
		</Unit>
		<Unit filename="libpng/png.h" />
		<Unit filename="libpng/pngconf.h" />
		<Unit filename="libpng/pngdebug.h" />
		<Unit filename="libpng/pngerror.c">
			<Option compilerVar="CC" />
		</Unit>
		<Unit filename="libpng/pngget.c">
			<Option compilerVar="CC" />
		</Unit>
		<Unit filename="libpng/pnginfo.h" />
		<Unit filename="libpng/pnglibconf.h" />
		<Unit filename="libpng/pngmem.c">
			<Option compilerVar="CC" />
		</Unit>
		<Unit filename="libpng/pngpread.c">
			<Option compilerVar="CC" />
		</Unit>
		<Unit filename="libpng/pngpriv.h" />
		<Unit filename="libpng/pngread.c">
			<Option compilerVar="CC" />
		</Unit>
		<Unit filename="libpng/pngrio.c">
			<Option compilerVar="CC" />
		</Unit>
		<Unit filename="libpng/pngrtran.c">
			<Option compilerVar="CC" />
		</Unit>
		<Unit filename="libpng/pngrutil.c">
			<Option compilerVar="CC" />
		</Unit>
		<Unit filename="libpng/pngset.c">
			<Option compilerVar="CC" />
		</Unit>
		<Unit filename="libpng/pngstruct.h" />
		<Unit filename="libpng/pngtrans.c">
			<Option compilerVar="CC" />
		</Unit>
		<Unit filename="libpng/pngwio.c">
			<Option compilerVar="CC" />
		</Unit>
		<Unit filename="libpng/pngwrite.c">
			<Option compilerVar="CC" />
		</Unit>
		<Unit filename="libpng/pngwtran.c">
			<Option compilerVar="CC" />
		</Unit>
		<Unit filename="libpng/pngwutil.c">
			<Option compilerVar="CC" />
		</Unit>
		<Unit filename="unix/FSNodePOSIX.cxx" />
		<Unit filename="unix/FSNodePOSIX.hxx" />
		<Unit filename="unix/OSystemUNIX.cxx" />
		<Unit filename="unix/OSystemUNIX.hxx" />
		<Unit filename="unix/SerialPortUNIX.cxx" />
		<Unit filename="unix/SerialPortUNIX.hxx" />
		<Unit filename="unix/SettingsUNIX.cxx" />
		<Unit filename="unix/SettingsUNIX.hxx" />
		<Extensions />
	</Project>
</CodeBlocks_project_file>
